
Microsoft Visual Studio Solution File, Format Version 12.00
# Visual Studio 15
VisualStudioVersion = 15.0.26430.12
MinimumVisualStudioVersion = 10.0.40219.1
Project("{9A19103F-16F7-4668-BE54-9A1E7A4F7556}") = "WebApi", "WebApi\WebApi.csproj", "{3A08815F-55FC-47FD-8209-E8025EF98488}"
EndProject
Project("{E53339B2-1760-4266-BCC7-CA923CBCF16C}") = "docker-compose", "docker-compose.dcproj", "{4A566BB5-330E-40EA-AC98-EE24D7010275}"
EndProject
Global
	GlobalSection(SolutionConfigurationPlatforms) = preSolution
		Debug|Any CPU = Debug|Any CPU
		Release|Any CPU = Release|Any CPU
	EndGlobalSection
	GlobalSection(ProjectConfigurationPlatforms) = postSolution
		{3A08815F-55FC-47FD-8209-E8025EF98488}.Debug|Any CPU.ActiveCfg = Debug|Any CPU
		{3A08815F-55FC-47FD-8209-E8025EF98488}.Debug|Any CPU.Build.0 = Debug|Any CPU
		{3A08815F-55FC-47FD-8209-E8025EF98488}.Release|Any CPU.ActiveCfg = Release|Any CPU
		{3A08815F-55FC-47FD-8209-E8025EF98488}.Release|Any CPU.Build.0 = Release|Any CPU
		{4A566BB5-330E-40EA-AC98-EE24D7010275}.Debug|Any CPU.ActiveCfg = Debug|Any CPU
		{4A566BB5-330E-40EA-AC98-EE24D7010275}.Debug|Any CPU.Build.0 = Debug|Any CPU
		{4A566BB5-330E-40EA-AC98-EE24D7010275}.Release|Any CPU.ActiveCfg = Release|Any CPU
		{4A566BB5-330E-40EA-AC98-EE24D7010275}.Release|Any CPU.Build.0 = Release|Any CPU
	EndGlobalSection
	GlobalSection(SolutionProperties) = preSolution
		HideSolutionNode = FALSE
	EndGlobalSection
EndGlobal
